# This file is automatically @generated by Cargo.
# It is not intended for manual editing.
version = 3

[[package]]
name = "addr2line"
version = "0.21.0"
source = "registry+https://github.com/rust-lang/crates.io-index"
checksum = "8a30b2e23b9e17a9f90641c7ab1549cd9b44f296d3ccbf309d2863cfe398a0cb"
dependencies = [
 "gimli",
]

[[package]]
name = "adler"
version = "1.0.2"
source = "registry+https://github.com/rust-lang/crates.io-index"
checksum = "f26201604c87b1e01bd3d98f8d5d9a8fcbb815e8cedb41ffccbeb4bf593a35fe"

[[package]]
name = "ahash"
version = "0.8.3"
source = "registry+https://github.com/rust-lang/crates.io-index"
checksum = "2c99f64d1e06488f620f932677e24bc6e2897582980441ae90a671415bd7ec2f"
dependencies = [
 "cfg-if",
 "once_cell",
 "version_check",
]

[[package]]
name = "anstream"
version = "0.3.2"
source = "registry+https://github.com/rust-lang/crates.io-index"
checksum = "0ca84f3628370c59db74ee214b3263d58f9aadd9b4fe7e711fd87dc452b7f163"
dependencies = [
 "anstyle",
 "anstyle-parse",
 "anstyle-query",
 "anstyle-wincon",
 "colorchoice",
 "is-terminal",
 "utf8parse",
]

[[package]]
name = "anstyle"
version = "1.0.2"
source = "registry+https://github.com/rust-lang/crates.io-index"
checksum = "15c4c2c83f81532e5845a733998b6971faca23490340a418e9b72a3ec9de12ea"

[[package]]
name = "anstyle-parse"
version = "0.2.1"
source = "registry+https://github.com/rust-lang/crates.io-index"
checksum = "938874ff5980b03a87c5524b3ae5b59cf99b1d6bc836848df7bc5ada9643c333"
dependencies = [
 "utf8parse",
]

[[package]]
name = "anstyle-query"
version = "1.0.0"
source = "registry+https://github.com/rust-lang/crates.io-index"
checksum = "5ca11d4be1bab0c8bc8734a9aa7bf4ee8316d462a08c6ac5052f888fef5b494b"
dependencies = [
 "windows-sys",
]

[[package]]
name = "anstyle-wincon"
version = "1.0.2"
source = "registry+https://github.com/rust-lang/crates.io-index"
checksum = "c677ab05e09154296dd37acecd46420c17b9713e8366facafa8fc0885167cf4c"
dependencies = [
 "anstyle",
 "windows-sys",
]

[[package]]
name = "anyhow"
version = "1.0.75"
source = "registry+https://github.com/rust-lang/crates.io-index"
checksum = "a4668cab20f66d8d020e1fbc0ebe47217433c1b6c8f2040faf858554e394ace6"

[[package]]
name = "arbitrary"
version = "1.3.1"
source = "registry+https://github.com/rust-lang/crates.io-index"
checksum = "a2e1373abdaa212b704512ec2bd8b26bd0b7d5c3f70117411a5d9a451383c859"

[[package]]
name = "autocfg"
version = "1.1.0"
source = "registry+https://github.com/rust-lang/crates.io-index"
checksum = "d468802bab17cbc0cc575e9b053f41e72aa36bfa6b7f55e3529ffa43161b97fa"

[[package]]
name = "backtrace"
version = "0.3.69"
source = "registry+https://github.com/rust-lang/crates.io-index"
checksum = "2089b7e3f35b9dd2d0ed921ead4f6d318c27680d4a5bd167b3ee120edb105837"
dependencies = [
 "addr2line",
 "cc",
 "cfg-if",
 "libc",
 "miniz_oxide",
 "object",
 "rustc-demangle",
]

[[package]]
name = "bitflags"
version = "1.3.2"
source = "registry+https://github.com/rust-lang/crates.io-index"
checksum = "bef38d45163c2f1dde094a7dfd33ccf595c92905c8f8f4fdc18d06fb1037718a"

[[package]]
name = "bitflags"
version = "2.4.0"
source = "registry+https://github.com/rust-lang/crates.io-index"
checksum = "b4682ae6287fcf752ecaabbfcc7b6f9b72aa33933dc23a554d853aea8eea8635"

[[package]]
name = "bumpalo"
version = "3.14.0"
source = "registry+https://github.com/rust-lang/crates.io-index"
checksum = "7f30e7476521f6f8af1a1c4c0b8cc94f0bee37d91763d0ca2665f299b6cd8aec"

[[package]]
name = "byteorder"
version = "1.5.0"
source = "registry+https://github.com/rust-lang/crates.io-index"
checksum = "1fd0f2584146f6f2ef48085050886acf353beff7305ebd1ae69500e27c67f64b"

[[package]]
name = "bytes"
version = "1.4.0"
source = "registry+https://github.com/rust-lang/crates.io-index"
checksum = "89b2fd2a0dcf38d7971e2194b6b6eebab45ae01067456a7fd93d5547a61b70be"

[[package]]
name = "cc"
version = "1.0.83"
source = "registry+https://github.com/rust-lang/crates.io-index"
checksum = "f1174fb0b6ec23863f8b971027804a42614e347eafb0a95bf0b12cdae21fc4d0"
dependencies = [
 "libc",
]

[[package]]
name = "cfg-if"
version = "1.0.0"
source = "registry+https://github.com/rust-lang/crates.io-index"
checksum = "baf1de4339761588bc0619e3cbc0120ee582ebb74b53b4efbf79117bd2da40fd"

[[package]]
name = "clap"
version = "4.3.24"
source = "registry+https://github.com/rust-lang/crates.io-index"
checksum = "fb690e81c7840c0d7aade59f242ea3b41b9bc27bcd5997890e7702ae4b32e487"
dependencies = [
 "clap_builder",
 "clap_derive",
 "once_cell",
]

[[package]]
name = "clap_builder"
version = "4.3.24"
source = "registry+https://github.com/rust-lang/crates.io-index"
checksum = "5ed2e96bc16d8d740f6f48d663eddf4b8a0983e79210fd55479b7bcd0a69860e"
dependencies = [
 "anstream",
 "anstyle",
 "clap_lex",
 "strsim",
]

[[package]]
name = "clap_complete"
version = "4.3.2"
source = "registry+https://github.com/rust-lang/crates.io-index"
checksum = "5fc443334c81a804575546c5a8a79b4913b50e28d69232903604cada1de817ce"
dependencies = [
 "clap",
]

[[package]]
name = "clap_derive"
version = "4.3.12"
source = "registry+https://github.com/rust-lang/crates.io-index"
checksum = "54a9bb5758fc5dfe728d1019941681eccaf0cf8a4189b692a0ee2f2ecf90a050"
dependencies = [
 "heck",
 "proc-macro2",
 "quote",
 "syn",
]

[[package]]
name = "clap_lex"
version = "0.5.0"
source = "registry+https://github.com/rust-lang/crates.io-index"
checksum = "2da6da31387c7e4ef160ffab6d5e7f00c42626fe39aea70a7b0f1773f7dd6c1b"

[[package]]
name = "colorchoice"
version = "1.0.0"
source = "registry+https://github.com/rust-lang/crates.io-index"
checksum = "acbf1af155f9b9ef647e42cdc158db4b64a1b61f743629225fde6f3e0be2a7c7"

[[package]]
name = "cranelift"
version = "0.101.0"
source = "registry+https://github.com/rust-lang/crates.io-index"
checksum = "8956653a97868a0a6e0ab094eaacaf11600be26a1e5865df8dd7291b0c56f9fc"
dependencies = [
 "cranelift-codegen",
 "cranelift-frontend",
]

[[package]]
name = "cranelift-bforest"
version = "0.101.0"
source = "registry+https://github.com/rust-lang/crates.io-index"
checksum = "8e5e1df0da8488dd03b34afc134ba84b754d61862cc465932a9e5d07952f661e"
dependencies = [
 "cranelift-entity",
]

[[package]]
name = "cranelift-codegen"
version = "0.101.0"
source = "registry+https://github.com/rust-lang/crates.io-index"
checksum = "77a17ca4e699a0aaf49a0c88f6311a864f321048aa63f6b787cab20eb5f93f10"
dependencies = [
 "anyhow",
 "bumpalo",
 "cranelift-bforest",
 "cranelift-codegen-meta",
 "cranelift-codegen-shared",
 "cranelift-control",
 "cranelift-entity",
 "cranelift-isle",
 "gimli",
 "hashbrown 0.14.2",
 "log",
 "regalloc2",
 "smallvec",
 "target-lexicon",
]

[[package]]
name = "cranelift-codegen-meta"
version = "0.101.0"
source = "registry+https://github.com/rust-lang/crates.io-index"
checksum = "022f2793cdade1d37a1f755ac42938a3f832f533eac6cafc8b26b209544c3c06"
dependencies = [
 "cranelift-codegen-shared",
]

[[package]]
name = "cranelift-codegen-shared"
version = "0.101.0"
source = "registry+https://github.com/rust-lang/crates.io-index"
checksum = "a4d72dbb83c2ad788dec4ad0843070973cb48c35a3ca19b1e7437ac40834fd9c"

[[package]]
name = "cranelift-control"
version = "0.101.0"
source = "registry+https://github.com/rust-lang/crates.io-index"
checksum = "ae07cf26dcc90d546826d747ac63b6c40c916f34b03e92a6ae0422c28d771b8a"
dependencies = [
 "arbitrary",
]

[[package]]
name = "cranelift-entity"
version = "0.101.0"
source = "registry+https://github.com/rust-lang/crates.io-index"
checksum = "c2fe6b7e49820893691aea497f36257e9d6f52061d8c4758d61d802d5f101a3d"

[[package]]
name = "cranelift-frontend"
version = "0.101.0"
source = "registry+https://github.com/rust-lang/crates.io-index"
checksum = "44f497576ca3674581581601b6a55ccc1b43447217648c880e5bce70db3cf659"
dependencies = [
 "cranelift-codegen",
 "hashbrown 0.14.2",
 "log",
 "smallvec",
 "target-lexicon",
]

[[package]]
name = "cranelift-isle"
version = "0.101.0"
source = "registry+https://github.com/rust-lang/crates.io-index"
checksum = "b96aa02eac00fffee13b0cd37d17874ccdb3d5458983041accd825ef78ce6454"

[[package]]
name = "cranelift-jit"
version = "0.101.0"
source = "registry+https://github.com/rust-lang/crates.io-index"
checksum = "b1d6e0e308c873eefc185745a6b21daec2a10f7554c9fb67e334c2d7d756d979"
dependencies = [
 "anyhow",
 "cranelift-codegen",
 "cranelift-control",
 "cranelift-entity",
 "cranelift-module",
 "cranelift-native",
 "libc",
 "log",
 "region",
 "target-lexicon",
 "wasmtime-jit-icache-coherence",
 "windows-sys",
]

[[package]]
name = "cranelift-module"
version = "0.101.0"
source = "registry+https://github.com/rust-lang/crates.io-index"
checksum = "c1aa8ebb06eced4e478c3f94f1d65d4e7c93493f4640057912b27a3e34b84841"
dependencies = [
 "anyhow",
 "cranelift-codegen",
 "cranelift-control",
]

[[package]]
name = "cranelift-native"
version = "0.101.0"
source = "registry+https://github.com/rust-lang/crates.io-index"
checksum = "2870170ca44054b202c737626607b87be6e35655084bd94a6ff807a5812ba7df"
dependencies = [
 "cranelift-codegen",
 "libc",
 "target-lexicon",
]

[[package]]
name = "cranelift-object"
version = "0.101.0"
source = "registry+https://github.com/rust-lang/crates.io-index"
checksum = "20647761742d17dabac8205da958910ede78599550e06418a16711a3ee2fc897"
dependencies = [
 "anyhow",
 "cranelift-codegen",
 "cranelift-control",
 "cranelift-module",
 "log",
 "object",
 "target-lexicon",
]

[[package]]
name = "crc32fast"
version = "1.3.2"
source = "registry+https://github.com/rust-lang/crates.io-index"
checksum = "b540bd8bc810d3885c6ea91e2018302f68baba2129ab3e88f32389ee9370880d"
dependencies = [
 "cfg-if",
]

[[package]]
name = "equivalent"
version = "1.0.1"
source = "registry+https://github.com/rust-lang/crates.io-index"
checksum = "5443807d6dff69373d433ab9ef5378ad8df50ca6298caf15de6e52e24aaf54d5"

[[package]]
name = "errno"
version = "0.3.2"
source = "registry+https://github.com/rust-lang/crates.io-index"
checksum = "6b30f669a7961ef1631673d2766cc92f52d64f7ef354d4fe0ddfd30ed52f0f4f"
dependencies = [
 "errno-dragonfly",
 "libc",
 "windows-sys",
]

[[package]]
name = "errno-dragonfly"
version = "0.1.2"
source = "registry+https://github.com/rust-lang/crates.io-index"
checksum = "aa68f1b12764fab894d2755d2518754e71b4fd80ecfb822714a1206c2aab39bf"
dependencies = [
 "cc",
 "libc",
]

[[package]]
name = "fallible-iterator"
version = "0.3.0"
source = "registry+https://github.com/rust-lang/crates.io-index"
checksum = "2acce4a10f12dc2fb14a218589d4f1f62ef011b2d0cc4b3cb1bba8e94da14649"

[[package]]
name = "getrandom"
version = "0.2.10"
source = "registry+https://github.com/rust-lang/crates.io-index"
checksum = "be4136b2a15dd319360be1c07d9933517ccf0be8f16bf62a3bee4f0d618df427"
dependencies = [
 "cfg-if",
 "libc",
 "wasi",
]

[[package]]
name = "gimli"
version = "0.28.0"
source = "registry+https://github.com/rust-lang/crates.io-index"
checksum = "6fb8d784f27acf97159b40fc4db5ecd8aa23b9ad5ef69cdd136d3bc80665f0c0"
dependencies = [
 "fallible-iterator",
 "indexmap",
 "stable_deref_trait",
]

[[package]]
name = "hashbrown"
version = "0.13.2"
source = "registry+https://github.com/rust-lang/crates.io-index"
checksum = "43a3c133739dddd0d2990f9a4bdf8eb4b21ef50e4851ca85ab661199821d510e"
dependencies = [
 "ahash",
]

[[package]]
name = "hashbrown"
version = "0.14.2"
source = "registry+https://github.com/rust-lang/crates.io-index"
checksum = "f93e7192158dbcda357bdec5fb5788eebf8bbac027f3f33e719d29135ae84156"
dependencies = [
 "ahash",
]

[[package]]
name = "heck"
version = "0.4.1"
source = "registry+https://github.com/rust-lang/crates.io-index"
checksum = "95505c38b4572b2d910cecb0281560f54b440a19336cbbcb27bf6ce6adc6f5a8"

[[package]]
name = "hermit-abi"
version = "0.3.2"
source = "registry+https://github.com/rust-lang/crates.io-index"
checksum = "443144c8cdadd93ebf52ddb4056d257f5b52c04d3c804e657d19eb73fc33668b"

[[package]]
name = "indexmap"
version = "2.0.2"
source = "registry+https://github.com/rust-lang/crates.io-index"
checksum = "8adf3ddd720272c6ea8bf59463c04e0f93d0bbf7c5439b691bca2987e0270897"
dependencies = [
 "equivalent",
 "hashbrown 0.14.2",
]

[[package]]
name = "is-terminal"
version = "0.4.9"
source = "registry+https://github.com/rust-lang/crates.io-index"
checksum = "cb0889898416213fab133e1d33a0e5858a48177452750691bde3666d0fdbaf8b"
dependencies = [
 "hermit-abi",
 "rustix",
 "windows-sys",
]

[[package]]
name = "itoa"
version = "1.0.9"
source = "registry+https://github.com/rust-lang/crates.io-index"
checksum = "af150ab688ff2122fcef229be89cb50dd66af9e01a4ff320cc137eecc9bacc38"

[[package]]
name = "lazy_static"
version = "1.4.0"
source = "registry+https://github.com/rust-lang/crates.io-index"
checksum = "e2abad23fbc42b3700f2f279844dc832adb2b2eb069b2df918f455c4e18cc646"

[[package]]
name = "libc"
version = "0.2.147"
source = "registry+https://github.com/rust-lang/crates.io-index"
checksum = "b4668fb0ea861c1df094127ac5f1da3409a82116a4ba74fca2e58ef927159bb3"

[[package]]
name = "linux-raw-sys"
version = "0.4.5"
source = "registry+https://github.com/rust-lang/crates.io-index"
checksum = "57bcfdad1b858c2db7c38303a6d2ad4dfaf5eb53dfeb0910128b2c26d6158503"

[[package]]
name = "lock_api"
version = "0.4.10"
source = "registry+https://github.com/rust-lang/crates.io-index"
checksum = "c1cc9717a20b1bb222f333e6a92fd32f7d8a18ddc5a3191a11af45dcbf4dcd16"
dependencies = [
 "autocfg",
 "scopeguard",
]

[[package]]
name = "log"
version = "0.4.20"
source = "registry+https://github.com/rust-lang/crates.io-index"
checksum = "b5e6163cb8c49088c2c36f57875e58ccd8c87c7427f7fbd50ea6710b2f3f2e8f"

[[package]]
name = "mach"
version = "0.3.2"
source = "registry+https://github.com/rust-lang/crates.io-index"
checksum = "b823e83b2affd8f40a9ee8c29dbc56404c1e34cd2710921f2801e2cf29527afa"
dependencies = [
 "libc",
]

[[package]]
name = "memchr"
version = "2.5.0"
source = "registry+https://github.com/rust-lang/crates.io-index"
checksum = "2dffe52ecf27772e601905b7522cb4ef790d2cc203488bbd0e2fe85fcb74566d"

[[package]]
name = "miniz_oxide"
version = "0.7.1"
source = "registry+https://github.com/rust-lang/crates.io-index"
checksum = "e7810e0be55b428ada41041c41f32c9f1a42817901b4ccf45fa3d4b6561e74c7"
dependencies = [
 "adler",
]

[[package]]
name = "mio"
version = "0.8.8"
source = "registry+https://github.com/rust-lang/crates.io-index"
checksum = "927a765cd3fc26206e66b296465fa9d3e5ab003e651c1b3c060e7956d96b19d2"
dependencies = [
 "libc",
 "wasi",
 "windows-sys",
]

[[package]]
name = "num_cpus"
version = "1.16.0"
source = "registry+https://github.com/rust-lang/crates.io-index"
checksum = "4161fcb6d602d4d2081af7c3a45852d875a03dd337a6bfdd6e06407b61342a43"
dependencies = [
 "hermit-abi",
 "libc",
]

[[package]]
name = "object"
version = "0.32.0"
source = "registry+https://github.com/rust-lang/crates.io-index"
checksum = "77ac5bbd07aea88c60a577a1ce218075ffd59208b2d7ca97adf9bfc5aeb21ebe"
dependencies = [
 "crc32fast",
 "hashbrown 0.14.2",
 "indexmap",
 "memchr",
]

[[package]]
name = "once_cell"
version = "1.18.0"
source = "registry+https://github.com/rust-lang/crates.io-index"
checksum = "dd8b5dd2ae5ed71462c540258bedcb51965123ad7e7ccf4b9a8cafaa4a63576d"

[[package]]
name = "parking_lot"
version = "0.12.1"
source = "registry+https://github.com/rust-lang/crates.io-index"
checksum = "3742b2c103b9f06bc9fff0a37ff4912935851bee6d36f3c02bcc755bcfec228f"
dependencies = [
 "lock_api",
 "parking_lot_core",
]

[[package]]
name = "parking_lot_core"
version = "0.9.8"
source = "registry+https://github.com/rust-lang/crates.io-index"
checksum = "93f00c865fe7cabf650081affecd3871070f26767e7b2070a3ffae14c654b447"
dependencies = [
 "cfg-if",
 "libc",
 "redox_syscall",
 "smallvec",
 "windows-targets",
]

[[package]]
name = "phf"
version = "0.11.2"
source = "registry+https://github.com/rust-lang/crates.io-index"
checksum = "ade2d8b8f33c7333b51bcf0428d37e217e9f32192ae4772156f65063b8ce03dc"
dependencies = [
 "phf_macros",
 "phf_shared",
]

[[package]]
name = "phf_generator"
version = "0.11.2"
source = "registry+https://github.com/rust-lang/crates.io-index"
checksum = "48e4cc64c2ad9ebe670cb8fd69dd50ae301650392e81c05f9bfcb2d5bdbc24b0"
dependencies = [
 "phf_shared",
 "rand",
]

[[package]]
name = "phf_macros"
version = "0.11.2"
source = "registry+https://github.com/rust-lang/crates.io-index"
checksum = "3444646e286606587e49f3bcf1679b8cef1dc2c5ecc29ddacaffc305180d464b"
dependencies = [
 "phf_generator",
 "phf_shared",
 "proc-macro2",
 "quote",
 "syn",
]

[[package]]
name = "phf_shared"
version = "0.11.2"
source = "registry+https://github.com/rust-lang/crates.io-index"
checksum = "90fcb95eef784c2ac79119d1dd819e162b5da872ce6f3c3abe1e8ca1c082f72b"
dependencies = [
 "siphasher",
]

[[package]]
name = "pin-project-lite"
version = "0.2.12"
source = "registry+https://github.com/rust-lang/crates.io-index"
checksum = "12cc1b0bf1727a77a54b6654e7b5f1af8604923edc8b81885f8ec92f9e3f0a05"

[[package]]
name = "ppv-lite86"
version = "0.2.17"
source = "registry+https://github.com/rust-lang/crates.io-index"
checksum = "5b40af805b3121feab8a3c29f04d8ad262fa8e0561883e7653e024ae4479e6de"

[[package]]
name = "proc-macro2"
version = "1.0.66"
source = "registry+https://github.com/rust-lang/crates.io-index"
checksum = "18fb31db3f9bddb2ea821cde30a9f70117e3f119938b5ee630b7403aa6e2ead9"
dependencies = [
 "unicode-ident",
]

[[package]]
name = "qsc"
version = "0.2.0"
dependencies = [
 "anyhow",
 "byteorder",
 "clap",
 "clap_complete",
 "cranelift",
 "cranelift-codegen",
 "cranelift-frontend",
 "cranelift-jit",
 "cranelift-module",
 "cranelift-native",
 "cranelift-object",
 "lazy_static",
 "phf",
 "rand",
 "serde",
 "serde_json",
 "tokio",
]

[[package]]
name = "quote"
version = "1.0.33"
source = "registry+https://github.com/rust-lang/crates.io-index"
checksum = "5267fca4496028628a95160fc423a33e8b2e6af8a5302579e322e4b520293cae"
dependencies = [
 "proc-macro2",
]

[[package]]
name = "rand"
version = "0.8.5"
source = "registry+https://github.com/rust-lang/crates.io-index"
checksum = "34af8d1a0e25924bc5b7c43c079c942339d8f0a8b57c39049bef581b46327404"
dependencies = [
 "libc",
 "rand_chacha",
 "rand_core",
]

[[package]]
name = "rand_chacha"
version = "0.3.1"
source = "registry+https://github.com/rust-lang/crates.io-index"
checksum = "e6c10a63a0fa32252be49d21e7709d4d4baf8d231c2dbce1eaa8141b9b127d88"
dependencies = [
 "ppv-lite86",
 "rand_core",
]

[[package]]
name = "rand_core"
version = "0.6.4"
source = "registry+https://github.com/rust-lang/crates.io-index"
checksum = "ec0be4795e2f6a28069bec0b5ff3e2ac9bafc99e6a9a7dc3547996c5c816922c"
dependencies = [
 "getrandom",
]

[[package]]
name = "redox_syscall"
version = "0.3.5"
source = "registry+https://github.com/rust-lang/crates.io-index"
checksum = "567664f262709473930a4bf9e51bf2ebf3348f2e748ccc50dea20646858f8f29"
dependencies = [
 "bitflags 1.3.2",
]

[[package]]
name = "regalloc2"
version = "0.9.3"
source = "registry+https://github.com/rust-lang/crates.io-index"
checksum = "ad156d539c879b7a24a363a2016d77961786e71f48f2e2fc8302a92abd2429a6"
dependencies = [
 "hashbrown 0.13.2",
 "log",
 "rustc-hash",
 "slice-group-by",
 "smallvec",
]

[[package]]
name = "region"
version = "2.2.0"
source = "registry+https://github.com/rust-lang/crates.io-index"
checksum = "877e54ea2adcd70d80e9179344c97f93ef0dffd6b03e1f4529e6e83ab2fa9ae0"
dependencies = [
 "bitflags 1.3.2",
 "libc",
 "mach",
 "winapi",
]

[[package]]
name = "rustc-demangle"
version = "0.1.23"
source = "registry+https://github.com/rust-lang/crates.io-index"
checksum = "d626bb9dae77e28219937af045c257c28bfd3f69333c512553507f5f9798cb76"

[[package]]
name = "rustc-hash"
version = "1.1.0"
source = "registry+https://github.com/rust-lang/crates.io-index"
checksum = "08d43f7aa6b08d49f382cde6a7982047c3426db949b1424bc4b7ec9ae12c6ce2"

[[package]]
name = "rustix"
version = "0.38.8"
source = "registry+https://github.com/rust-lang/crates.io-index"
checksum = "19ed4fa021d81c8392ce04db050a3da9a60299050b7ae1cf482d862b54a7218f"
dependencies = [
 "bitflags 2.4.0",
 "errno",
 "libc",
 "linux-raw-sys",
 "windows-sys",
]

[[package]]
name = "ryu"
version = "1.0.15"
source = "registry+https://github.com/rust-lang/crates.io-index"
checksum = "1ad4cc8da4ef723ed60bced201181d83791ad433213d8c24efffda1eec85d741"

[[package]]
name = "scopeguard"
version = "1.2.0"
source = "registry+https://github.com/rust-lang/crates.io-index"
checksum = "94143f37725109f92c262ed2cf5e59bce7498c01bcc1502d7b9afe439a4e9f49"

[[package]]
name = "serde"
version = "1.0.185"
source = "registry+https://github.com/rust-lang/crates.io-index"
checksum = "be9b6f69f1dfd54c3b568ffa45c310d6973a5e5148fd40cf515acaf38cf5bc31"
dependencies = [
 "serde_derive",
]

[[package]]
name = "serde_derive"
version = "1.0.185"
source = "registry+https://github.com/rust-lang/crates.io-index"
checksum = "dc59dfdcbad1437773485e0367fea4b090a2e0a16d9ffc46af47764536a298ec"
dependencies = [
 "proc-macro2",
 "quote",
 "syn",
]

[[package]]
name = "serde_json"
version = "1.0.105"
source = "registry+https://github.com/rust-lang/crates.io-index"
checksum = "693151e1ac27563d6dbcec9dee9fbd5da8539b20fa14ad3752b2e6d363ace360"
dependencies = [
 "itoa",
 "ryu",
 "serde",
]

[[package]]
name = "signal-hook-registry"
version = "1.4.1"
source = "registry+https://github.com/rust-lang/crates.io-index"
checksum = "d8229b473baa5980ac72ef434c4415e70c4b5e71b423043adb4ba059f89c99a1"
dependencies = [
 "libc",
]

[[package]]
name = "siphasher"
version = "0.3.11"
source = "registry+https://github.com/rust-lang/crates.io-index"
checksum = "38b58827f4464d87d377d175e90bf58eb00fd8716ff0a62f80356b5e61555d0d"

[[package]]
name = "slice-group-by"
version = "0.3.1"
source = "registry+https://github.com/rust-lang/crates.io-index"
checksum = "826167069c09b99d56f31e9ae5c99049e932a98c9dc2dac47645b08dbbf76ba7"

[[package]]
name = "smallvec"
version = "1.11.0"
source = "registry+https://github.com/rust-lang/crates.io-index"
checksum = "62bb4feee49fdd9f707ef802e22365a35de4b7b299de4763d44bfea899442ff9"

[[package]]
name = "socket2"
version = "0.5.3"
source = "registry+https://github.com/rust-lang/crates.io-index"
checksum = "2538b18701741680e0322a2302176d3253a35388e2e62f172f64f4f16605f877"
dependencies = [
 "libc",
 "windows-sys",
]

[[package]]
name = "stable_deref_trait"
version = "1.2.0"
source = "registry+https://github.com/rust-lang/crates.io-index"
checksum = "a8f112729512f8e442d81f95a8a7ddf2b7c6b8a1a6f509a95864142b30cab2d3"

[[package]]
name = "strsim"
version = "0.10.0"
source = "registry+https://github.com/rust-lang/crates.io-index"
checksum = "73473c0e59e6d5812c5dfe2a064a6444949f089e20eec9a2e5506596494e4623"

[[package]]
name = "syn"
version = "2.0.29"
source = "registry+https://github.com/rust-lang/crates.io-index"
checksum = "c324c494eba9d92503e6f1ef2e6df781e78f6a7705a0202d9801b198807d518a"
dependencies = [
 "proc-macro2",
 "quote",
 "unicode-ident",
]

[[package]]
name = "target-lexicon"
version = "0.12.12"
source = "registry+https://github.com/rust-lang/crates.io-index"
checksum = "14c39fd04924ca3a864207c66fc2cd7d22d7c016007f9ce846cbb9326331930a"

[[package]]
name = "tokio"
version = "1.32.0"
source = "registry+https://github.com/rust-lang/crates.io-index"
checksum = "17ed6077ed6cd6c74735e21f37eb16dc3935f96878b1fe961074089cc80893f9"
dependencies = [
 "backtrace",
 "bytes",
 "libc",
 "mio",
 "num_cpus",
 "parking_lot",
 "pin-project-lite",
 "signal-hook-registry",
 "socket2",
 "tokio-macros",
 "windows-sys",
]

[[package]]
name = "tokio-macros"
version = "2.1.0"
source = "registry+https://github.com/rust-lang/crates.io-index"
checksum = "630bdcf245f78637c13ec01ffae6187cca34625e8c63150d424b59e55af2675e"
dependencies = [
 "proc-macro2",
 "quote",
 "syn",
]

[[package]]
name = "unicode-ident"
version = "1.0.11"
source = "registry+https://github.com/rust-lang/crates.io-index"
checksum = "301abaae475aa91687eb82514b328ab47a211a533026cb25fc3e519b86adfc3c"

[[package]]
name = "utf8parse"
version = "0.2.1"
source = "registry+https://github.com/rust-lang/crates.io-index"
checksum = "711b9620af191e0cdc7468a8d14e709c3dcdb115b36f838e601583af800a370a"

[[package]]
name = "version_check"
version = "0.9.4"
source = "registry+https://github.com/rust-lang/crates.io-index"
checksum = "49874b5167b65d7193b8aba1567f5c7d93d001cafc34600cee003eda787e483f"

[[package]]
name = "wasi"
version = "0.11.0+wasi-snapshot-preview1"
source = "registry+https://github.com/rust-lang/crates.io-index"
checksum = "9c8d87e72b64a3b4db28d11ce29237c246188f4f51057d65a7eab63b7987e423"

[[package]]
name = "wasmtime-jit-icache-coherence"
version = "14.0.0"
source = "registry+https://github.com/rust-lang/crates.io-index"
checksum = "a3a5dda53ad6993f9b0a2d65fb49e0348a7232a27a8794064122870d6ee19eb2"
dependencies = [
 "cfg-if",
 "libc",
 "windows-sys",
]

[[package]]
name = "winapi"
version = "0.3.9"
source = "registry+https://github.com/rust-lang/crates.io-index"
checksum = "5c839a674fcd7a98952e593242ea400abe93992746761e38641405d28b00f419"
dependencies = [
 "winapi-i686-pc-windows-gnu",
 "winapi-x86_64-pc-windows-gnu",
]

[[package]]
name = "winapi-i686-pc-windows-gnu"
version = "0.4.0"
source = "registry+https://github.com/rust-lang/crates.io-index"
checksum = "ac3b87c63620426dd9b991e5ce0329eff545bccbbb34f3be09ff6fb6ab51b7b6"

[[package]]
name = "winapi-x86_64-pc-windows-gnu"
version = "0.4.0"
source = "registry+https://github.com/rust-lang/crates.io-index"
checksum = "712e227841d057c1ee1cd2fb22fa7e5a5461ae8e48fa2ca79ec42cfc1931183f"

[[package]]
name = "windows-sys"
version = "0.48.0"
source = "registry+https://github.com/rust-lang/crates.io-index"
checksum = "677d2418bec65e3338edb076e806bc1ec15693c5d0104683f2efe857f61056a9"
dependencies = [
 "windows-targets",
]

[[package]]
name = "windows-targets"
version = "0.48.5"
source = "registry+https://github.com/rust-lang/crates.io-index"
checksum = "9a2fa6e2155d7247be68c096456083145c183cbbbc2764150dda45a87197940c"
dependencies = [
 "windows_aarch64_gnullvm",
 "windows_aarch64_msvc",
 "windows_i686_gnu",
 "windows_i686_msvc",
 "windows_x86_64_gnu",
 "windows_x86_64_gnullvm",
 "windows_x86_64_msvc",
]

[[package]]
name = "windows_aarch64_gnullvm"
version = "0.48.5"
source = "registry+https://github.com/rust-lang/crates.io-index"
checksum = "2b38e32f0abccf9987a4e3079dfb67dcd799fb61361e53e2882c3cbaf0d905d8"

[[package]]
name = "windows_aarch64_msvc"
version = "0.48.5"
source = "registry+https://github.com/rust-lang/crates.io-index"
checksum = "dc35310971f3b2dbbf3f0690a219f40e2d9afcf64f9ab7cc1be722937c26b4bc"

[[package]]
name = "windows_i686_gnu"
version = "0.48.5"
source = "registry+https://github.com/rust-lang/crates.io-index"
checksum = "a75915e7def60c94dcef72200b9a8e58e5091744960da64ec734a6c6e9b3743e"

[[package]]
name = "windows_i686_msvc"
version = "0.48.5"
source = "registry+https://github.com/rust-lang/crates.io-index"
checksum = "8f55c233f70c4b27f66c523580f78f1004e8b5a8b659e05a4eb49d4166cca406"

[[package]]
name = "windows_x86_64_gnu"
version = "0.48.5"
source = "registry+https://github.com/rust-lang/crates.io-index"
checksum = "53d40abd2583d23e4718fddf1ebec84dbff8381c07cae67ff7768bbf19c6718e"

[[package]]
name = "windows_x86_64_gnullvm"
version = "0.48.5"
source = "registry+https://github.com/rust-lang/crates.io-index"
checksum = "0b7b52767868a23d5bab768e390dc5f5c55825b6d30b86c844ff2dc7414044cc"

[[package]]
name = "windows_x86_64_msvc"
version = "0.48.5"
source = "registry+https://github.com/rust-lang/crates.io-index"
checksum = "ed94fce61571a4006852b7389a063ab983c02eb1bb37b47f8272ce92d06d9538"
